
Microsoft Visual Studio Solution File, Format Version 12.00
# Visual Studio Version 17
VisualStudioVersion = 17.12.35707.178
MinimumVisualStudioVersion = 10.0.40219.1
Project("{2150E333-8FDC-42A3-9474-1A3956D46DE8}") = "Elementos de la solución", "Elementos de la solución", "{4D670C4D-F3A6-45F0-B674-E1077F2A7753}"
	ProjectSection(SolutionItems) = preProject
		Analisis.txt = Analisis.txt
	EndProjectSection
EndProject
Project("{FAE04EC0-301F-11D3-BF4B-00C04F79EFBC}") = "ENT", "ENT\ENT.csproj", "{2E549B4B-D03E-4BDF-B23A-78AE4915EB4E}"
EndProject
Project("{FAE04EC0-301F-11D3-BF4B-00C04F79EFBC}") = "DAL", "DAL\DAL.csproj", "{9BB9A36D-D5C5-403C-8BBF-C7729F712CA0}"
EndProject
Project("{FAE04EC0-301F-11D3-BF4B-00C04F79EFBC}") = "BL", "BL\BL.csproj", "{183845B4-710A-4DAA-9152-979EA5049A02}"
EndProject
Project("{FAE04EC0-301F-11D3-BF4B-00C04F79EFBC}") = "LuigiWanted", "LuigiWanted\LuigiWanted.csproj", "{4CC5E81C-3700-4D08-BEDF-4E75495BE162}"
EndProject
Project("{FAE04EC0-301F-11D3-BF4B-00C04F79EFBC}") = "LuigiWantedSignalR", "LuigiWantedSignalR\LuigiWantedSignalR\LuigiWantedSignalR.csproj", "{9E73F0F2-3AE2-41C5-A8FA-41C065F3CBD9}"
EndProject
Project("{FAE04EC0-301F-11D3-BF4B-00C04F79EFBC}") = "LuigiWantedSignalR.Client", "LuigiWantedSignalR\LuigiWantedSignalR.Client\LuigiWantedSignalR.Client.csproj", "{98B35BC7-C711-4F3D-BCAA-42D1A7DBD061}"
EndProject
Project("{FAE04EC0-301F-11D3-BF4B-00C04F79EFBC}") = "DTO", "DTO\DTO.csproj", "{F71D77F9-F3EA-494E-82A5-FB2A3BCA91F0}"
EndProject
Global
	GlobalSection(SolutionConfigurationPlatforms) = preSolution
		Debug|Any CPU = Debug|Any CPU
		Release|Any CPU = Release|Any CPU
	EndGlobalSection
	GlobalSection(ProjectConfigurationPlatforms) = postSolution
		{2E549B4B-D03E-4BDF-B23A-78AE4915EB4E}.Debug|Any CPU.ActiveCfg = Debug|Any CPU
		{2E549B4B-D03E-4BDF-B23A-78AE4915EB4E}.Debug|Any CPU.Build.0 = Debug|Any CPU
		{2E549B4B-D03E-4BDF-B23A-78AE4915EB4E}.Release|Any CPU.ActiveCfg = Release|Any CPU
		{2E549B4B-D03E-4BDF-B23A-78AE4915EB4E}.Release|Any CPU.Build.0 = Release|Any CPU
		{9BB9A36D-D5C5-403C-8BBF-C7729F712CA0}.Debug|Any CPU.ActiveCfg = Debug|Any CPU
		{9BB9A36D-D5C5-403C-8BBF-C7729F712CA0}.Debug|Any CPU.Build.0 = Debug|Any CPU
		{9BB9A36D-D5C5-403C-8BBF-C7729F712CA0}.Release|Any CPU.ActiveCfg = Release|Any CPU
		{9BB9A36D-D5C5-403C-8BBF-C7729F712CA0}.Release|Any CPU.Build.0 = Release|Any CPU
		{183845B4-710A-4DAA-9152-979EA5049A02}.Debug|Any CPU.ActiveCfg = Debug|Any CPU
		{183845B4-710A-4DAA-9152-979EA5049A02}.Debug|Any CPU.Build.0 = Debug|Any CPU
		{183845B4-710A-4DAA-9152-979EA5049A02}.Release|Any CPU.ActiveCfg = Release|Any CPU
		{183845B4-710A-4DAA-9152-979EA5049A02}.Release|Any CPU.Build.0 = Release|Any CPU
		{4CC5E81C-3700-4D08-BEDF-4E75495BE162}.Debug|Any CPU.ActiveCfg = Debug|Any CPU
		{4CC5E81C-3700-4D08-BEDF-4E75495BE162}.Debug|Any CPU.Build.0 = Debug|Any CPU
		{4CC5E81C-3700-4D08-BEDF-4E75495BE162}.Debug|Any CPU.Deploy.0 = Debug|Any CPU
		{4CC5E81C-3700-4D08-BEDF-4E75495BE162}.Release|Any CPU.ActiveCfg = Release|Any CPU
		{4CC5E81C-3700-4D08-BEDF-4E75495BE162}.Release|Any CPU.Build.0 = Release|Any CPU
		{4CC5E81C-3700-4D08-BEDF-4E75495BE162}.Release|Any CPU.Deploy.0 = Release|Any CPU
		{9E73F0F2-3AE2-41C5-A8FA-41C065F3CBD9}.Debug|Any CPU.ActiveCfg = Debug|Any CPU
		{9E73F0F2-3AE2-41C5-A8FA-41C065F3CBD9}.Debug|Any CPU.Build.0 = Debug|Any CPU
		{9E73F0F2-3AE2-41C5-A8FA-41C065F3CBD9}.Release|Any CPU.ActiveCfg = Release|Any CPU
		{9E73F0F2-3AE2-41C5-A8FA-41C065F3CBD9}.Release|Any CPU.Build.0 = Release|Any CPU
		{98B35BC7-C711-4F3D-BCAA-42D1A7DBD061}.Debug|Any CPU.ActiveCfg = Debug|Any CPU
		{98B35BC7-C711-4F3D-BCAA-42D1A7DBD061}.Debug|Any CPU.Build.0 = Debug|Any CPU
		{98B35BC7-C711-4F3D-BCAA-42D1A7DBD061}.Release|Any CPU.ActiveCfg = Release|Any CPU
		{98B35BC7-C711-4F3D-BCAA-42D1A7DBD061}.Release|Any CPU.Build.0 = Release|Any CPU
		{F71D77F9-F3EA-494E-82A5-FB2A3BCA91F0}.Debug|Any CPU.ActiveCfg = Debug|Any CPU
		{F71D77F9-F3EA-494E-82A5-FB2A3BCA91F0}.Debug|Any CPU.Build.0 = Debug|Any CPU
		{F71D77F9-F3EA-494E-82A5-FB2A3BCA91F0}.Release|Any CPU.ActiveCfg = Release|Any CPU
		{F71D77F9-F3EA-494E-82A5-FB2A3BCA91F0}.Release|Any CPU.Build.0 = Release|Any CPU
	EndGlobalSection
	GlobalSection(SolutionProperties) = preSolution
		HideSolutionNode = FALSE
	EndGlobalSection
	GlobalSection(ExtensibilityGlobals) = postSolution
		SolutionGuid = {F13B6180-C0E2-4D95-90E0-1D3E59C926C1}
	EndGlobalSection
EndGlobal
